// !$*UTF8*$!
{
	archiveVersion = 1;
	classes = {
	};
	objectVersion = 56;
	objects = {

/* Begin PBXBuildFile section */
		6924CC652C88D63500CB9E7C /* NetworkingClient.swift in Sources */ = {isa = PBXBuildFile; fileRef = 6924CC642C88D63500CB9E7C /* NetworkingClient.swift */; };
		6924CC672C88D69000CB9E7C /* APIEndpoint.swift in Sources */ = {isa = PBXBuildFile; fileRef = 6924CC662C88D69000CB9E7C /* APIEndpoint.swift */; };
		6924CC692C88D8A800CB9E7C /* NetworkingErrors.swift in Sources */ = {isa = PBXBuildFile; fileRef = 6924CC682C88D8A800CB9E7C /* NetworkingErrors.swift */; };
		6924CC6D2C88E7A700CB9E7C /* ImgurAPI.swift in Sources */ = {isa = PBXBuildFile; fileRef = 6924CC6C2C88E7A700CB9E7C /* ImgurAPI.swift */; };
		6924CC6F2C88E87700CB9E7C /* AlbumsResponse.swift in Sources */ = {isa = PBXBuildFile; fileRef = 6924CC6E2C88E87700CB9E7C /* AlbumsResponse.swift */; };
		6924CC712C88F13B00CB9E7C /* SquareGridView.swift in Sources */ = {isa = PBXBuildFile; fileRef = 6924CC702C88F13B00CB9E7C /* SquareGridView.swift */; };
		6924CC732C88F18D00CB9E7C /* SearchBarView.swift in Sources */ = {isa = PBXBuildFile; fileRef = 6924CC722C88F18D00CB9E7C /* SearchBarView.swift */; };
		6924CC762C88F22B00CB9E7C /* Padding.swift in Sources */ = {isa = PBXBuildFile; fileRef = 6924CC752C88F22B00CB9E7C /* Padding.swift */; };
		6924CC7C2C88FCCB00CB9E7C /* AsyncThumbnailView.swift in Sources */ = {isa = PBXBuildFile; fileRef = 6924CC7B2C88FCCB00CB9E7C /* AsyncThumbnailView.swift */; };
		6924CC7F2C890A8D00CB9E7C /* FileType.swift in Sources */ = {isa = PBXBuildFile; fileRef = 6924CC7E2C890A8D00CB9E7C /* FileType.swift */; };
		6924CC822C8914A500CB9E7C /* BottomModal.swift in Sources */ = {isa = PBXBuildFile; fileRef = 6924CC812C8914A500CB9E7C /* BottomModal.swift */; };
		6924CC842C89180B00CB9E7C /* AlbumModal.swift in Sources */ = {isa = PBXBuildFile; fileRef = 6924CC832C89180B00CB9E7C /* AlbumModal.swift */; };
		6924CC862C891C5100CB9E7C /* AlbumGalleryView.swift in Sources */ = {isa = PBXBuildFile; fileRef = 6924CC852C891C5100CB9E7C /* AlbumGalleryView.swift */; };
		6924CC882C891C5C00CB9E7C /* AlbumGalleryFeature.swift in Sources */ = {isa = PBXBuildFile; fileRef = 6924CC872C891C5C00CB9E7C /* AlbumGalleryFeature.swift */; };
		69B579072C8827B2008A92C6 /* MobileTakeHomeApp.swift in Sources */ = {isa = PBXBuildFile; fileRef = 69B579062C8827B2008A92C6 /* MobileTakeHomeApp.swift */; };
		69B5790B2C8827B3008A92C6 /* Assets.xcassets in Resources */ = {isa = PBXBuildFile; fileRef = 69B5790A2C8827B3008A92C6 /* Assets.xcassets */; };
		69B5790E2C8827B3008A92C6 /* Preview Assets.xcassets in Resources */ = {isa = PBXBuildFile; fileRef = 69B5790D2C8827B3008A92C6 /* Preview Assets.xcassets */; };
		69B579182C8827B4008A92C6 /* MobileTakeHomeTests.swift in Sources */ = {isa = PBXBuildFile; fileRef = 69B579172C8827B4008A92C6 /* MobileTakeHomeTests.swift */; };
		69B579222C8827B4008A92C6 /* MobileTakeHomeUITests.swift in Sources */ = {isa = PBXBuildFile; fileRef = 69B579212C8827B4008A92C6 /* MobileTakeHomeUITests.swift */; };
		69B579242C8827B4008A92C6 /* MobileTakeHomeUITestsLaunchTests.swift in Sources */ = {isa = PBXBuildFile; fileRef = 69B579232C8827B4008A92C6 /* MobileTakeHomeUITestsLaunchTests.swift */; };
		69B579322C8839D8008A92C6 /* ComposableArchitecture in Frameworks */ = {isa = PBXBuildFile; productRef = 69B579312C8839D8008A92C6 /* ComposableArchitecture */; };
		69B579352C883C35008A92C6 /* RootView.swift in Sources */ = {isa = PBXBuildFile; fileRef = 69B579342C883C35008A92C6 /* RootView.swift */; };
		69B579372C883C46008A92C6 /* RootFeature.swift in Sources */ = {isa = PBXBuildFile; fileRef = 69B579362C883C46008A92C6 /* RootFeature.swift */; };
		69B5793C2C88470E008A92C6 /* CapsuleButton.swift in Sources */ = {isa = PBXBuildFile; fileRef = 69B5793B2C88470E008A92C6 /* CapsuleButton.swift */; };
		69B579412C884B98008A92C6 /* AlbumsFeature.swift in Sources */ = {isa = PBXBuildFile; fileRef = 69B579402C884B98008A92C6 /* AlbumsFeature.swift */; };
		69B579432C884BA9008A92C6 /* AlbumsView.swift in Sources */ = {isa = PBXBuildFile; fileRef = 69B579422C884BA9008A92C6 /* AlbumsView.swift */; };
		69B579472C88527E008A92C6 /* AlbumsService.swift in Sources */ = {isa = PBXBuildFile; fileRef = 69B579462C88527E008A92C6 /* AlbumsService.swift */; };
		69B5794A2C885349008A92C6 /* Album.swift in Sources */ = {isa = PBXBuildFile; fileRef = 69B579492C885349008A92C6 /* Album.swift */; };
		69B5794C2C8853CA008A92C6 /* AlbumImage.swift in Sources */ = {isa = PBXBuildFile; fileRef = 69B5794B2C8853CA008A92C6 /* AlbumImage.swift */; };
/* End PBXBuildFile section */

/* Begin PBXContainerItemProxy section */
		69B579142C8827B4008A92C6 /* PBXContainerItemProxy */ = {
			isa = PBXContainerItemProxy;
			containerPortal = 69B578FB2C8827B2008A92C6 /* Project object */;
			proxyType = 1;
			remoteGlobalIDString = 69B579022C8827B2008A92C6;
			remoteInfo = MobileTakeHome;
		};
		69B5791E2C8827B4008A92C6 /* PBXContainerItemProxy */ = {
			isa = PBXContainerItemProxy;
			containerPortal = 69B578FB2C8827B2008A92C6 /* Project object */;
			proxyType = 1;
			remoteGlobalIDString = 69B579022C8827B2008A92C6;
			remoteInfo = MobileTakeHome;
		};
/* End PBXContainerItemProxy section */

/* Begin PBXFileReference section */
		6924CC642C88D63500CB9E7C /* NetworkingClient.swift */ = {isa = PBXFileReference; lastKnownFileType = sourcecode.swift; path = NetworkingClient.swift; sourceTree = "<group>"; };
		6924CC662C88D69000CB9E7C /* APIEndpoint.swift */ = {isa = PBXFileReference; lastKnownFileType = sourcecode.swift; path = APIEndpoint.swift; sourceTree = "<group>"; };
		6924CC682C88D8A800CB9E7C /* NetworkingErrors.swift */ = {isa = PBXFileReference; lastKnownFileType = sourcecode.swift; path = NetworkingErrors.swift; sourceTree = "<group>"; };
		6924CC6C2C88E7A700CB9E7C /* ImgurAPI.swift */ = {isa = PBXFileReference; lastKnownFileType = sourcecode.swift; path = ImgurAPI.swift; sourceTree = "<group>"; };
		6924CC6E2C88E87700CB9E7C /* AlbumsResponse.swift */ = {isa = PBXFileReference; lastKnownFileType = sourcecode.swift; path = AlbumsResponse.swift; sourceTree = "<group>"; };
		6924CC702C88F13B00CB9E7C /* SquareGridView.swift */ = {isa = PBXFileReference; lastKnownFileType = sourcecode.swift; path = SquareGridView.swift; sourceTree = "<group>"; };
		6924CC722C88F18D00CB9E7C /* SearchBarView.swift */ = {isa = PBXFileReference; lastKnownFileType = sourcecode.swift; path = SearchBarView.swift; sourceTree = "<group>"; };
		6924CC752C88F22B00CB9E7C /* Padding.swift */ = {isa = PBXFileReference; lastKnownFileType = sourcecode.swift; path = Padding.swift; sourceTree = "<group>"; };
		6924CC7B2C88FCCB00CB9E7C /* AsyncThumbnailView.swift */ = {isa = PBXFileReference; lastKnownFileType = sourcecode.swift; path = AsyncThumbnailView.swift; sourceTree = "<group>"; };
		6924CC7E2C890A8D00CB9E7C /* FileType.swift */ = {isa = PBXFileReference; lastKnownFileType = sourcecode.swift; path = FileType.swift; sourceTree = "<group>"; };
		6924CC812C8914A500CB9E7C /* BottomModal.swift */ = {isa = PBXFileReference; lastKnownFileType = sourcecode.swift; path = BottomModal.swift; sourceTree = "<group>"; };
		6924CC832C89180B00CB9E7C /* AlbumModal.swift */ = {isa = PBXFileReference; lastKnownFileType = sourcecode.swift; path = AlbumModal.swift; sourceTree = "<group>"; };
		6924CC852C891C5100CB9E7C /* AlbumGalleryView.swift */ = {isa = PBXFileReference; lastKnownFileType = sourcecode.swift; path = AlbumGalleryView.swift; sourceTree = "<group>"; };
		6924CC872C891C5C00CB9E7C /* AlbumGalleryFeature.swift */ = {isa = PBXFileReference; lastKnownFileType = sourcecode.swift; path = AlbumGalleryFeature.swift; sourceTree = "<group>"; };
		69B579032C8827B2008A92C6 /* MobileTakeHome.app */ = {isa = PBXFileReference; explicitFileType = wrapper.application; includeInIndex = 0; path = MobileTakeHome.app; sourceTree = BUILT_PRODUCTS_DIR; };
		69B579062C8827B2008A92C6 /* MobileTakeHomeApp.swift */ = {isa = PBXFileReference; lastKnownFileType = sourcecode.swift; path = MobileTakeHomeApp.swift; sourceTree = "<group>"; };
		69B5790A2C8827B3008A92C6 /* Assets.xcassets */ = {isa = PBXFileReference; lastKnownFileType = folder.assetcatalog; path = Assets.xcassets; sourceTree = "<group>"; };
		69B5790D2C8827B3008A92C6 /* Preview Assets.xcassets */ = {isa = PBXFileReference; lastKnownFileType = folder.assetcatalog; path = "Preview Assets.xcassets"; sourceTree = "<group>"; };
		69B579132C8827B4008A92C6 /* MobileTakeHomeTests.xctest */ = {isa = PBXFileReference; explicitFileType = wrapper.cfbundle; includeInIndex = 0; path = MobileTakeHomeTests.xctest; sourceTree = BUILT_PRODUCTS_DIR; };
		69B579172C8827B4008A92C6 /* MobileTakeHomeTests.swift */ = {isa = PBXFileReference; lastKnownFileType = sourcecode.swift; path = MobileTakeHomeTests.swift; sourceTree = "<group>"; };
		69B5791D2C8827B4008A92C6 /* MobileTakeHomeUITests.xctest */ = {isa = PBXFileReference; explicitFileType = wrapper.cfbundle; includeInIndex = 0; path = MobileTakeHomeUITests.xctest; sourceTree = BUILT_PRODUCTS_DIR; };
		69B579212C8827B4008A92C6 /* MobileTakeHomeUITests.swift */ = {isa = PBXFileReference; lastKnownFileType = sourcecode.swift; path = MobileTakeHomeUITests.swift; sourceTree = "<group>"; };
		69B579232C8827B4008A92C6 /* MobileTakeHomeUITestsLaunchTests.swift */ = {isa = PBXFileReference; lastKnownFileType = sourcecode.swift; path = MobileTakeHomeUITestsLaunchTests.swift; sourceTree = "<group>"; };
		69B579342C883C35008A92C6 /* RootView.swift */ = {isa = PBXFileReference; lastKnownFileType = sourcecode.swift; path = RootView.swift; sourceTree = "<group>"; };
		69B579362C883C46008A92C6 /* RootFeature.swift */ = {isa = PBXFileReference; lastKnownFileType = sourcecode.swift; path = RootFeature.swift; sourceTree = "<group>"; };
		69B5793B2C88470E008A92C6 /* CapsuleButton.swift */ = {isa = PBXFileReference; lastKnownFileType = sourcecode.swift; path = CapsuleButton.swift; sourceTree = "<group>"; };
		69B579402C884B98008A92C6 /* AlbumsFeature.swift */ = {isa = PBXFileReference; lastKnownFileType = sourcecode.swift; path = AlbumsFeature.swift; sourceTree = "<group>"; };
		69B579422C884BA9008A92C6 /* AlbumsView.swift */ = {isa = PBXFileReference; lastKnownFileType = sourcecode.swift; path = AlbumsView.swift; sourceTree = "<group>"; };
		69B579462C88527E008A92C6 /* AlbumsService.swift */ = {isa = PBXFileReference; lastKnownFileType = sourcecode.swift; path = AlbumsService.swift; sourceTree = "<group>"; };
		69B579492C885349008A92C6 /* Album.swift */ = {isa = PBXFileReference; lastKnownFileType = sourcecode.swift; path = Album.swift; sourceTree = "<group>"; };
		69B5794B2C8853CA008A92C6 /* AlbumImage.swift */ = {isa = PBXFileReference; lastKnownFileType = sourcecode.swift; path = AlbumImage.swift; sourceTree = "<group>"; };
/* End PBXFileReference section */

/* Begin PBXFrameworksBuildPhase section */
		69B579002C8827B2008A92C6 /* Frameworks */ = {
			isa = PBXFrameworksBuildPhase;
			buildActionMask = 2147483647;
			files = (
				69B579322C8839D8008A92C6 /* ComposableArchitecture in Frameworks */,
			);
			runOnlyForDeploymentPostprocessing = 0;
		};
		69B579102C8827B4008A92C6 /* Frameworks */ = {
			isa = PBXFrameworksBuildPhase;
			buildActionMask = 2147483647;
			files = (
			);
			runOnlyForDeploymentPostprocessing = 0;
		};
		69B5791A2C8827B4008A92C6 /* Frameworks */ = {
			isa = PBXFrameworksBuildPhase;
			buildActionMask = 2147483647;
			files = (
			);
			runOnlyForDeploymentPostprocessing = 0;
		};
/* End PBXFrameworksBuildPhase section */

/* Begin PBXGroup section */
		6924CC632C88D5F200CB9E7C /* NetworkingPackage */ = {
			isa = PBXGroup;
			children = (
				6924CC642C88D63500CB9E7C /* NetworkingClient.swift */,
				6924CC662C88D69000CB9E7C /* APIEndpoint.swift */,
				6924CC682C88D8A800CB9E7C /* NetworkingErrors.swift */,
			);
			path = NetworkingPackage;
			sourceTree = "<group>";
		};
		6924CC6B2C88E79300CB9E7C /* API */ = {
			isa = PBXGroup;
			children = (
				6924CC6C2C88E7A700CB9E7C /* ImgurAPI.swift */,
				6924CC6E2C88E87700CB9E7C /* AlbumsResponse.swift */,
			);
			path = API;
			sourceTree = "<group>";
		};
		6924CC742C88F21B00CB9E7C /* Styling */ = {
			isa = PBXGroup;
			children = (
				6924CC752C88F22B00CB9E7C /* Padding.swift */,
			);
			path = Styling;
			sourceTree = "<group>";
		};
		6924CC7D2C890A7E00CB9E7C /* Utilities */ = {
			isa = PBXGroup;
			children = (
				6924CC7E2C890A8D00CB9E7C /* FileType.swift */,
			);
			path = Utilities;
			sourceTree = "<group>";
		};
		6924CC802C89149800CB9E7C /* Modals */ = {
			isa = PBXGroup;
			children = (
				6924CC812C8914A500CB9E7C /* BottomModal.swift */,
				6924CC832C89180B00CB9E7C /* AlbumModal.swift */,
			);
			path = Modals;
			sourceTree = "<group>";
		};
		69B578FA2C8827B2008A92C6 = {
			isa = PBXGroup;
			children = (
				69B579052C8827B2008A92C6 /* MobileTakeHome */,
				69B579162C8827B4008A92C6 /* MobileTakeHomeTests */,
				69B579202C8827B4008A92C6 /* MobileTakeHomeUITests */,
				69B579042C8827B2008A92C6 /* Products */,
			);
			sourceTree = "<group>";
		};
		69B579042C8827B2008A92C6 /* Products */ = {
			isa = PBXGroup;
			children = (
				69B579032C8827B2008A92C6 /* MobileTakeHome.app */,
				69B579132C8827B4008A92C6 /* MobileTakeHomeTests.xctest */,
				69B5791D2C8827B4008A92C6 /* MobileTakeHomeUITests.xctest */,
			);
			name = Products;
			sourceTree = "<group>";
		};
		69B579052C8827B2008A92C6 /* MobileTakeHome */ = {
			isa = PBXGroup;
			children = (
				6924CC7D2C890A7E00CB9E7C /* Utilities */,
				6924CC632C88D5F200CB9E7C /* NetworkingPackage */,
				69B579482C885301008A92C6 /* Models */,
				69B579442C88521E008A92C6 /* Domains */,
				69B5793E2C884B77008A92C6 /* Features */,
				69B579382C8846BA008A92C6 /* ComponentsPackage */,
				69B579332C883B70008A92C6 /* Root */,
				69B579062C8827B2008A92C6 /* MobileTakeHomeApp.swift */,
				69B5790A2C8827B3008A92C6 /* Assets.xcassets */,
				69B5790C2C8827B3008A92C6 /* Preview Content */,
			);
			path = MobileTakeHome;
			sourceTree = "<group>";
		};
		69B5790C2C8827B3008A92C6 /* Preview Content */ = {
			isa = PBXGroup;
			children = (
				69B5790D2C8827B3008A92C6 /* Preview Assets.xcassets */,
			);
			path = "Preview Content";
			sourceTree = "<group>";
		};
		69B579162C8827B4008A92C6 /* MobileTakeHomeTests */ = {
			isa = PBXGroup;
			children = (
				69B579172C8827B4008A92C6 /* MobileTakeHomeTests.swift */,
			);
			path = MobileTakeHomeTests;
			sourceTree = "<group>";
		};
		69B579202C8827B4008A92C6 /* MobileTakeHomeUITests */ = {
			isa = PBXGroup;
			children = (
				69B579212C8827B4008A92C6 /* MobileTakeHomeUITests.swift */,
				69B579232C8827B4008A92C6 /* MobileTakeHomeUITestsLaunchTests.swift */,
			);
			path = MobileTakeHomeUITests;
			sourceTree = "<group>";
		};
		69B579332C883B70008A92C6 /* Root */ = {
			isa = PBXGroup;
			children = (
				69B579342C883C35008A92C6 /* RootView.swift */,
				69B579362C883C46008A92C6 /* RootFeature.swift */,
			);
			path = Root;
			sourceTree = "<group>";
		};
		69B579382C8846BA008A92C6 /* ComponentsPackage */ = {
			isa = PBXGroup;
			children = (
				6924CC802C89149800CB9E7C /* Modals */,
				6924CC742C88F21B00CB9E7C /* Styling */,
				69B5793D2C884789008A92C6 /* Buttons */,
				6924CC722C88F18D00CB9E7C /* SearchBarView.swift */,
				6924CC702C88F13B00CB9E7C /* SquareGridView.swift */,
				6924CC7B2C88FCCB00CB9E7C /* AsyncThumbnailView.swift */,
			);
			path = ComponentsPackage;
			sourceTree = "<group>";
		};
		69B5793D2C884789008A92C6 /* Buttons */ = {
			isa = PBXGroup;
			children = (
				69B5793B2C88470E008A92C6 /* CapsuleButton.swift */,
			);
			path = Buttons;
			sourceTree = "<group>";
		};
		69B5793E2C884B77008A92C6 /* Features */ = {
			isa = PBXGroup;
			children = (
				69B5793F2C884B82008A92C6 /* Albums */,
			);
			path = Features;
			sourceTree = "<group>";
		};
		69B5793F2C884B82008A92C6 /* Albums */ = {
			isa = PBXGroup;
			children = (
				69B579402C884B98008A92C6 /* AlbumsFeature.swift */,
				69B579422C884BA9008A92C6 /* AlbumsView.swift */,
				6924CC852C891C5100CB9E7C /* AlbumGalleryView.swift */,
				6924CC872C891C5C00CB9E7C /* AlbumGalleryFeature.swift */,
			);
			path = Albums;
			sourceTree = "<group>";
		};
		69B579442C88521E008A92C6 /* Domains */ = {
			isa = PBXGroup;
			children = (
				6924CC6B2C88E79300CB9E7C /* API */,
				69B579462C88527E008A92C6 /* AlbumsService.swift */,
			);
			path = Domains;
			sourceTree = "<group>";
		};
		69B579482C885301008A92C6 /* Models */ = {
			isa = PBXGroup;
			children = (
				69B579492C885349008A92C6 /* Album.swift */,
				69B5794B2C8853CA008A92C6 /* AlbumImage.swift */,
			);
			path = Models;
			sourceTree = "<group>";
		};
/* End PBXGroup section */

/* Begin PBXNativeTarget section */
		69B579022C8827B2008A92C6 /* MobileTakeHome */ = {
			isa = PBXNativeTarget;
			buildConfigurationList = 69B579272C8827B4008A92C6 /* Build configuration list for PBXNativeTarget "MobileTakeHome" */;
			buildPhases = (
				69B578FF2C8827B2008A92C6 /* Sources */,
				69B579002C8827B2008A92C6 /* Frameworks */,
				69B579012C8827B2008A92C6 /* Resources */,
			);
			buildRules = (
			);
			dependencies = (
			);
			name = MobileTakeHome;
			packageProductDependencies = (
				69B579312C8839D8008A92C6 /* ComposableArchitecture */,
			);
			productName = MobileTakeHome;
			productReference = 69B579032C8827B2008A92C6 /* MobileTakeHome.app */;
			productType = "com.apple.product-type.application";
		};
		69B579122C8827B4008A92C6 /* MobileTakeHomeTests */ = {
			isa = PBXNativeTarget;
			buildConfigurationList = 69B5792A2C8827B4008A92C6 /* Build configuration list for PBXNativeTarget "MobileTakeHomeTests" */;
			buildPhases = (
				69B5790F2C8827B4008A92C6 /* Sources */,
				69B579102C8827B4008A92C6 /* Frameworks */,
				69B579112C8827B4008A92C6 /* Resources */,
			);
			buildRules = (
			);
			dependencies = (
				69B579152C8827B4008A92C6 /* PBXTargetDependency */,
			);
			name = MobileTakeHomeTests;
			productName = MobileTakeHomeTests;
			productReference = 69B579132C8827B4008A92C6 /* MobileTakeHomeTests.xctest */;
			productType = "com.apple.product-type.bundle.unit-test";
		};
		69B5791C2C8827B4008A92C6 /* MobileTakeHomeUITests */ = {
			isa = PBXNativeTarget;
			buildConfigurationList = 69B5792D2C8827B4008A92C6 /* Build configuration list for PBXNativeTarget "MobileTakeHomeUITests" */;
			buildPhases = (
				69B579192C8827B4008A92C6 /* Sources */,
				69B5791A2C8827B4008A92C6 /* Frameworks */,
				69B5791B2C8827B4008A92C6 /* Resources */,
			);
			buildRules = (
			);
			dependencies = (
				69B5791F2C8827B4008A92C6 /* PBXTargetDependency */,
			);
			name = MobileTakeHomeUITests;
			productName = MobileTakeHomeUITests;
			productReference = 69B5791D2C8827B4008A92C6 /* MobileTakeHomeUITests.xctest */;
			productType = "com.apple.product-type.bundle.ui-testing";
		};
/* End PBXNativeTarget section */

/* Begin PBXProject section */
		69B578FB2C8827B2008A92C6 /* Project object */ = {
			isa = PBXProject;
			attributes = {
				BuildIndependentTargetsInParallel = 1;
				LastSwiftUpdateCheck = 1520;
				LastUpgradeCheck = 1520;
				TargetAttributes = {
					69B579022C8827B2008A92C6 = {
						CreatedOnToolsVersion = 15.2;
					};
					69B579122C8827B4008A92C6 = {
						CreatedOnToolsVersion = 15.2;
						TestTargetID = 69B579022C8827B2008A92C6;
					};
					69B5791C2C8827B4008A92C6 = {
						CreatedOnToolsVersion = 15.2;
						TestTargetID = 69B579022C8827B2008A92C6;
					};
				};
			};
			buildConfigurationList = 69B578FE2C8827B2008A92C6 /* Build configuration list for PBXProject "MobileTakeHome" */;
			compatibilityVersion = "Xcode 14.0";
			developmentRegion = en;
			hasScannedForEncodings = 0;
			knownRegions = (
				en,
				Base,
			);
			mainGroup = 69B578FA2C8827B2008A92C6;
			packageReferences = (
				69B579302C8839D8008A92C6 /* XCRemoteSwiftPackageReference "swift-composable-architecture" */,
			);
			productRefGroup = 69B579042C8827B2008A92C6 /* Products */;
			projectDirPath = "";
			projectRoot = "";
			targets = (
				69B579022C8827B2008A92C6 /* MobileTakeHome */,
				69B579122C8827B4008A92C6 /* MobileTakeHomeTests */,
				69B5791C2C8827B4008A92C6 /* MobileTakeHomeUITests */,
			);
		};
/* End PBXProject section */

/* Begin PBXResourcesBuildPhase section */
		69B579012C8827B2008A92C6 /* Resources */ = {
			isa = PBXResourcesBuildPhase;
			buildActionMask = 2147483647;
			files = (
				69B5790E2C8827B3008A92C6 /* Preview Assets.xcassets in Resources */,
				69B5790B2C8827B3008A92C6 /* Assets.xcassets in Resources */,
			);
			runOnlyForDeploymentPostprocessing = 0;
		};
		69B579112C8827B4008A92C6 /* Resources */ = {
			isa = PBXResourcesBuildPhase;
			buildActionMask = 2147483647;
			files = (
			);
			runOnlyForDeploymentPostprocessing = 0;
		};
		69B5791B2C8827B4008A92C6 /* Resources */ = {
			isa = PBXResourcesBuildPhase;
			buildActionMask = 2147483647;
			files = (
			);
			runOnlyForDeploymentPostprocessing = 0;
		};
/* End PBXResourcesBuildPhase section */

/* Begin PBXSourcesBuildPhase section */
		69B578FF2C8827B2008A92C6 /* Sources */ = {
			isa = PBXSourcesBuildPhase;
			buildActionMask = 2147483647;
			files = (
				69B579372C883C46008A92C6 /* RootFeature.swift in Sources */,
				6924CC672C88D69000CB9E7C /* APIEndpoint.swift in Sources */,
				6924CC692C88D8A800CB9E7C /* NetworkingErrors.swift in Sources */,
				6924CC882C891C5C00CB9E7C /* AlbumGalleryFeature.swift in Sources */,
				6924CC7C2C88FCCB00CB9E7C /* AsyncThumbnailView.swift in Sources */,
				69B5794C2C8853CA008A92C6 /* AlbumImage.swift in Sources */,
				6924CC732C88F18D00CB9E7C /* SearchBarView.swift in Sources */,
				69B579072C8827B2008A92C6 /* MobileTakeHomeApp.swift in Sources */,
				69B579472C88527E008A92C6 /* AlbumsService.swift in Sources */,
				6924CC842C89180B00CB9E7C /* AlbumModal.swift in Sources */,
				6924CC6F2C88E87700CB9E7C /* AlbumsResponse.swift in Sources */,
				69B579432C884BA9008A92C6 /* AlbumsView.swift in Sources */,
				6924CC822C8914A500CB9E7C /* BottomModal.swift in Sources */,
				69B5793C2C88470E008A92C6 /* CapsuleButton.swift in Sources */,
				6924CC652C88D63500CB9E7C /* NetworkingClient.swift in Sources */,
				69B579352C883C35008A92C6 /* RootView.swift in Sources */,
				6924CC6D2C88E7A700CB9E7C /* ImgurAPI.swift in Sources */,
				69B579412C884B98008A92C6 /* AlbumsFeature.swift in Sources */,
				6924CC712C88F13B00CB9E7C /* SquareGridView.swift in Sources */,
				69B5794A2C885349008A92C6 /* Album.swift in Sources */,
				6924CC862C891C5100CB9E7C /* AlbumGalleryView.swift in Sources */,
				6924CC7F2C890A8D00CB9E7C /* FileType.swift in Sources */,
				6924CC762C88F22B00CB9E7C /* Padding.swift in Sources */,
			);
			runOnlyForDeploymentPostprocessing = 0;
		};
		69B5790F2C8827B4008A92C6 /* Sources */ = {
			isa = PBXSourcesBuildPhase;
			buildActionMask = 2147483647;
			files = (
				69B579182C8827B4008A92C6 /* MobileTakeHomeTests.swift in Sources */,
			);
			runOnlyForDeploymentPostprocessing = 0;
		};
		69B579192C8827B4008A92C6 /* Sources */ = {
			isa = PBXSourcesBuildPhase;
			buildActionMask = 2147483647;
			files = (
				69B579242C8827B4008A92C6 /* MobileTakeHomeUITestsLaunchTests.swift in Sources */,
				69B579222C8827B4008A92C6 /* MobileTakeHomeUITests.swift in Sources */,
			);
			runOnlyForDeploymentPostprocessing = 0;
		};
/* End PBXSourcesBuildPhase section */

/* Begin PBXTargetDependency section */
		69B579152C8827B4008A92C6 /* PBXTargetDependency */ = {
			isa = PBXTargetDependency;
			target = 69B579022C8827B2008A92C6 /* MobileTakeHome */;
			targetProxy = 69B579142C8827B4008A92C6 /* PBXContainerItemProxy */;
		};
		69B5791F2C8827B4008A92C6 /* PBXTargetDependency */ = {
			isa = PBXTargetDependency;
			target = 69B579022C8827B2008A92C6 /* MobileTakeHome */;
			targetProxy = 69B5791E2C8827B4008A92C6 /* PBXContainerItemProxy */;
		};
/* End PBXTargetDependency section */

/* Begin XCBuildConfiguration section */
		69B579252C8827B4008A92C6 /* Debug */ = {
			isa = XCBuildConfiguration;
			buildSettings = {
				ALWAYS_SEARCH_USER_PATHS = NO;
				ASSETCATALOG_COMPILER_GENERATE_SWIFT_ASSET_SYMBOL_EXTENSIONS = YES;
				CLANG_ANALYZER_NONNULL = YES;
				CLANG_ANALYZER_NUMBER_OBJECT_CONVERSION = YES_AGGRESSIVE;
				CLANG_CXX_LANGUAGE_STANDARD = "gnu++20";
				CLANG_ENABLE_MODULES = YES;
				CLANG_ENABLE_OBJC_ARC = YES;
				CLANG_ENABLE_OBJC_WEAK = YES;
				CLANG_WARN_BLOCK_CAPTURE_AUTORELEASING = YES;
				CLANG_WARN_BOOL_CONVERSION = YES;
				CLANG_WARN_COMMA = YES;
				CLANG_WARN_CONSTANT_CONVERSION = YES;
				CLANG_WARN_DEPRECATED_OBJC_IMPLEMENTATIONS = YES;
				CLANG_WARN_DIRECT_OBJC_ISA_USAGE = YES_ERROR;
				CLANG_WARN_DOCUMENTATION_COMMENTS = YES;
				CLANG_WARN_EMPTY_BODY = YES;
				CLANG_WARN_ENUM_CONVERSION = YES;
				CLANG_WARN_INFINITE_RECURSION = YES;
				CLANG_WARN_INT_CONVERSION = YES;
				CLANG_WARN_NON_LITERAL_NULL_CONVERSION = YES;
				CLANG_WARN_OBJC_IMPLICIT_RETAIN_SELF = YES;
				CLANG_WARN_OBJC_LITERAL_CONVERSION = YES;
				CLANG_WARN_OBJC_ROOT_CLASS = YES_ERROR;
				CLANG_WARN_QUOTED_INCLUDE_IN_FRAMEWORK_HEADER = YES;
				CLANG_WARN_RANGE_LOOP_ANALYSIS = YES;
				CLANG_WARN_STRICT_PROTOTYPES = YES;
				CLANG_WARN_SUSPICIOUS_MOVE = YES;
				CLANG_WARN_UNGUARDED_AVAILABILITY = YES_AGGRESSIVE;
				CLANG_WARN_UNREACHABLE_CODE = YES;
				CLANG_WARN__DUPLICATE_METHOD_MATCH = YES;
				COPY_PHASE_STRIP = NO;
				DEBUG_INFORMATION_FORMAT = dwarf;
				ENABLE_STRICT_OBJC_MSGSEND = YES;
				ENABLE_TESTABILITY = YES;
				ENABLE_USER_SCRIPT_SANDBOXING = YES;
				GCC_C_LANGUAGE_STANDARD = gnu17;
				GCC_DYNAMIC_NO_PIC = NO;
				GCC_NO_COMMON_BLOCKS = YES;
				GCC_OPTIMIZATION_LEVEL = 0;
				GCC_PREPROCESSOR_DEFINITIONS = (
					"DEBUG=1",
					"$(inherited)",
				);
				GCC_WARN_64_TO_32_BIT_CONVERSION = YES;
				GCC_WARN_ABOUT_RETURN_TYPE = YES_ERROR;
				GCC_WARN_UNDECLARED_SELECTOR = YES;
				GCC_WARN_UNINITIALIZED_AUTOS = YES_AGGRESSIVE;
				GCC_WARN_UNUSED_FUNCTION = YES;
				GCC_WARN_UNUSED_VARIABLE = YES;
				IPHONEOS_DEPLOYMENT_TARGET = 17.2;
				LOCALIZATION_PREFERS_STRING_CATALOGS = YES;
				MTL_ENABLE_DEBUG_INFO = INCLUDE_SOURCE;
				MTL_FAST_MATH = YES;
				ONLY_ACTIVE_ARCH = YES;
				SDKROOT = iphoneos;
				SWIFT_ACTIVE_COMPILATION_CONDITIONS = "DEBUG $(inherited)";
				SWIFT_OPTIMIZATION_LEVEL = "-Onone";
			};
			name = Debug;
		};
		69B579262C8827B4008A92C6 /* Release */ = {
			isa = XCBuildConfiguration;
			buildSettings = {
				ALWAYS_SEARCH_USER_PATHS = NO;
				ASSETCATALOG_COMPILER_GENERATE_SWIFT_ASSET_SYMBOL_EXTENSIONS = YES;
				CLANG_ANALYZER_NONNULL = YES;
				CLANG_ANALYZER_NUMBER_OBJECT_CONVERSION = YES_AGGRESSIVE;
				CLANG_CXX_LANGUAGE_STANDARD = "gnu++20";
				CLANG_ENABLE_MODULES = YES;
				CLANG_ENABLE_OBJC_ARC = YES;
				CLANG_ENABLE_OBJC_WEAK = YES;
				CLANG_WARN_BLOCK_CAPTURE_AUTORELEASING = YES;
				CLANG_WARN_BOOL_CONVERSION = YES;
				CLANG_WARN_COMMA = YES;
				CLANG_WARN_CONSTANT_CONVERSION = YES;
				CLANG_WARN_DEPRECATED_OBJC_IMPLEMENTATIONS = YES;
				CLANG_WARN_DIRECT_OBJC_ISA_USAGE = YES_ERROR;
				CLANG_WARN_DOCUMENTATION_COMMENTS = YES;
				CLANG_WARN_EMPTY_BODY = YES;
				CLANG_WARN_ENUM_CONVERSION = YES;
				CLANG_WARN_INFINITE_RECURSION = YES;
				CLANG_WARN_INT_CONVERSION = YES;
				CLANG_WARN_NON_LITERAL_NULL_CONVERSION = YES;
				CLANG_WARN_OBJC_IMPLICIT_RETAIN_SELF = YES;
				CLANG_WARN_OBJC_LITERAL_CONVERSION = YES;
				CLANG_WARN_OBJC_ROOT_CLASS = YES_ERROR;
				CLANG_WARN_QUOTED_INCLUDE_IN_FRAMEWORK_HEADER = YES;
				CLANG_WARN_RANGE_LOOP_ANALYSIS = YES;
				CLANG_WARN_STRICT_PROTOTYPES = YES;
				CLANG_WARN_SUSPICIOUS_MOVE = YES;
				CLANG_WARN_UNGUARDED_AVAILABILITY = YES_AGGRESSIVE;
				CLANG_WARN_UNREACHABLE_CODE = YES;
				CLANG_WARN__DUPLICATE_METHOD_MATCH = YES;
				COPY_PHASE_STRIP = NO;
				DEBUG_INFORMATION_FORMAT = "dwarf-with-dsym";
				ENABLE_NS_ASSERTIONS = NO;
				ENABLE_STRICT_OBJC_MSGSEND = YES;
				ENABLE_USER_SCRIPT_SANDBOXING = YES;
				GCC_C_LANGUAGE_STANDARD = gnu17;
				GCC_NO_COMMON_BLOCKS = YES;
				GCC_WARN_64_TO_32_BIT_CONVERSION = YES;
				GCC_WARN_ABOUT_RETURN_TYPE = YES_ERROR;
				GCC_WARN_UNDECLARED_SELECTOR = YES;
				GCC_WARN_UNINITIALIZED_AUTOS = YES_AGGRESSIVE;
				GCC_WARN_UNUSED_FUNCTION = YES;
				GCC_WARN_UNUSED_VARIABLE = YES;
				IPHONEOS_DEPLOYMENT_TARGET = 17.2;
				LOCALIZATION_PREFERS_STRING_CATALOGS = YES;
				MTL_ENABLE_DEBUG_INFO = NO;
				MTL_FAST_MATH = YES;
				SDKROOT = iphoneos;
				SWIFT_COMPILATION_MODE = wholemodule;
				VALIDATE_PRODUCT = YES;
			};
			name = Release;
		};
		69B579282C8827B4008A92C6 /* Debug */ = {
			isa = XCBuildConfiguration;
			buildSettings = {
				ASSETCATALOG_COMPILER_APPICON_NAME = AppIcon;
				ASSETCATALOG_COMPILER_GLOBAL_ACCENT_COLOR_NAME = AccentColor;
				CODE_SIGN_STYLE = Automatic;
				CURRENT_PROJECT_VERSION = 1;
				DEVELOPMENT_ASSET_PATHS = "\"MobileTakeHome/Preview Content\"";
				DEVELOPMENT_TEAM = P8AQ9FXLKV;
				ENABLE_PREVIEWS = YES;
				GENERATE_INFOPLIST_FILE = YES;
				INFOPLIST_KEY_UIApplicationSceneManifest_Generation = YES;
				INFOPLIST_KEY_UIApplicationSupportsIndirectInputEvents = YES;
				INFOPLIST_KEY_UILaunchScreen_Generation = YES;
				INFOPLIST_KEY_UISupportedInterfaceOrientations_iPad = "UIInterfaceOrientationPortrait UIInterfaceOrientationPortraitUpsideDown UIInterfaceOrientationLandscapeLeft UIInterfaceOrientationLandscapeRight";
				INFOPLIST_KEY_UISupportedInterfaceOrientations_iPhone = "UIInterfaceOrientationPortrait UIInterfaceOrientationLandscapeLeft UIInterfaceOrientationLandscapeRight";
				LD_RUNPATH_SEARCH_PATHS = (
					"$(inherited)",
					"@executable_path/Frameworks",
				);
				MARKETING_VERSION = 1.0;
				PRODUCT_BUNDLE_IDENTIFIER = com.example.MobileTakeHome;
				PRODUCT_NAME = "$(TARGET_NAME)";
				SWIFT_EMIT_LOC_STRINGS = YES;
				SWIFT_VERSION = 5.0;
				TARGETED_DEVICE_FAMILY = "1,2";
			};
			name = Debug;
		};
		69B579292C8827B4008A92C6 /* Release */ = {
			isa = XCBuildConfiguration;
			buildSettings = {
				ASSETCATALOG_COMPILER_APPICON_NAME = AppIcon;
				ASSETCATALOG_COMPILER_GLOBAL_ACCENT_COLOR_NAME = AccentColor;
				CODE_SIGN_STYLE = Automatic;
				CURRENT_PROJECT_VERSION = 1;
				DEVELOPMENT_ASSET_PATHS = "\"MobileTakeHome/Preview Content\"";
				DEVELOPMENT_TEAM = P8AQ9FXLKV;
				ENABLE_PREVIEWS = YES;
				GENERATE_INFOPLIST_FILE = YES;
				INFOPLIST_KEY_UIApplicationSceneManifest_Generation = YES;
				INFOPLIST_KEY_UIApplicationSupportsIndirectInputEvents = YES;
				INFOPLIST_KEY_UILaunchScreen_Generation = YES;
				INFOPLIST_KEY_UISupportedInterfaceOrientations_iPad = "UIInterfaceOrientationPortrait UIInterfaceOrientationPortraitUpsideDown UIInterfaceOrientationLandscapeLeft UIInterfaceOrientationLandscapeRight";
				INFOPLIST_KEY_UISupportedInterfaceOrientations_iPhone = "UIInterfaceOrientationPortrait UIInterfaceOrientationLandscapeLeft UIInterfaceOrientationLandscapeRight";
				LD_RUNPATH_SEARCH_PATHS = (
					"$(inherited)",
					"@executable_path/Frameworks",
				);
				MARKETING_VERSION = 1.0;
				PRODUCT_BUNDLE_IDENTIFIER = com.example.MobileTakeHome;
				PRODUCT_NAME = "$(TARGET_NAME)";
				SWIFT_EMIT_LOC_STRINGS = YES;
				SWIFT_VERSION = 5.0;
				TARGETED_DEVICE_FAMILY = "1,2";
			};
			name = Release;
		};
		69B5792B2C8827B4008A92C6 /* Debug */ = {
			isa = XCBuildConfiguration;
			buildSettings = {
				ALWAYS_EMBED_SWIFT_STANDARD_LIBRARIES = YES;
				BUNDLE_LOADER = "$(TEST_HOST)";
				CODE_SIGN_STYLE = Automatic;
				CURRENT_PROJECT_VERSION = 1;
				DEVELOPMENT_TEAM = P8AQ9FXLKV;
				GENERATE_INFOPLIST_FILE = YES;
				IPHONEOS_DEPLOYMENT_TARGET = 17.2;
				MARKETING_VERSION = 1.0;
				PRODUCT_BUNDLE_IDENTIFIER = com.example.MobileTakeHomeTests;
				PRODUCT_NAME = "$(TARGET_NAME)";
				SWIFT_EMIT_LOC_STRINGS = NO;
				SWIFT_VERSION = 5.0;
				TARGETED_DEVICE_FAMILY = "1,2";
				TEST_HOST = "$(BUILT_PRODUCTS_DIR)/MobileTakeHome.app/$(BUNDLE_EXECUTABLE_FOLDER_PATH)/MobileTakeHome";
			};
			name = Debug;
		};
		69B5792C2C8827B4008A92C6 /* Release */ = {
			isa = XCBuildConfiguration;
			buildSettings = {
				ALWAYS_EMBED_SWIFT_STANDARD_LIBRARIES = YES;
				BUNDLE_LOADER = "$(TEST_HOST)";
				CODE_SIGN_STYLE = Automatic;
				CURRENT_PROJECT_VERSION = 1;
				DEVELOPMENT_TEAM = P8AQ9FXLKV;
				GENERATE_INFOPLIST_FILE = YES;
				IPHONEOS_DEPLOYMENT_TARGET = 17.2;
				MARKETING_VERSION = 1.0;
				PRODUCT_BUNDLE_IDENTIFIER = com.example.MobileTakeHomeTests;
				PRODUCT_NAME = "$(TARGET_NAME)";
				SWIFT_EMIT_LOC_STRINGS = NO;
				SWIFT_VERSION = 5.0;
				TARGETED_DEVICE_FAMILY = "1,2";
				TEST_HOST = "$(BUILT_PRODUCTS_DIR)/MobileTakeHome.app/$(BUNDLE_EXECUTABLE_FOLDER_PATH)/MobileTakeHome";
			};
			name = Release;
		};
		69B5792E2C8827B4008A92C6 /* Debug */ = {
			isa = XCBuildConfiguration;
			buildSettings = {
				ALWAYS_EMBED_SWIFT_STANDARD_LIBRARIES = YES;
				CODE_SIGN_STYLE = Automatic;
				CURRENT_PROJECT_VERSION = 1;
				DEVELOPMENT_TEAM = P8AQ9FXLKV;
				GENERATE_INFOPLIST_FILE = YES;
				MARKETING_VERSION = 1.0;
				PRODUCT_BUNDLE_IDENTIFIER = com.example.MobileTakeHomeUITests;
				PRODUCT_NAME = "$(TARGET_NAME)";
				SWIFT_EMIT_LOC_STRINGS = NO;
				SWIFT_VERSION = 5.0;
				TARGETED_DEVICE_FAMILY = "1,2";
				TEST_TARGET_NAME = MobileTakeHome;
			};
			name = Debug;
		};
		69B5792F2C8827B4008A92C6 /* Release */ = {
			isa = XCBuildConfiguration;
			buildSettings = {
				ALWAYS_EMBED_SWIFT_STANDARD_LIBRARIES = YES;
				CODE_SIGN_STYLE = Automatic;
				CURRENT_PROJECT_VERSION = 1;
				DEVELOPMENT_TEAM = P8AQ9FXLKV;
				GENERATE_INFOPLIST_FILE = YES;
				MARKETING_VERSION = 1.0;
				PRODUCT_BUNDLE_IDENTIFIER = com.example.MobileTakeHomeUITests;
				PRODUCT_NAME = "$(TARGET_NAME)";
				SWIFT_EMIT_LOC_STRINGS = NO;
				SWIFT_VERSION = 5.0;
				TARGETED_DEVICE_FAMILY = "1,2";
				TEST_TARGET_NAME = MobileTakeHome;
			};
			name = Release;
		};
/* End XCBuildConfiguration section */

/* Begin XCConfigurationList section */
		69B578FE2C8827B2008A92C6 /* Build configuration list for PBXProject "MobileTakeHome" */ = {
			isa = XCConfigurationList;
			buildConfigurations = (
				69B579252C8827B4008A92C6 /* Debug */,
				69B579262C8827B4008A92C6 /* Release */,
			);
			defaultConfigurationIsVisible = 0;
			defaultConfigurationName = Release;
		};
		69B579272C8827B4008A92C6 /* Build configuration list for PBXNativeTarget "MobileTakeHome" */ = {
			isa = XCConfigurationList;
			buildConfigurations = (
				69B579282C8827B4008A92C6 /* Debug */,
				69B579292C8827B4008A92C6 /* Release */,
			);
			defaultConfigurationIsVisible = 0;
			defaultConfigurationName = Release;
		};
		69B5792A2C8827B4008A92C6 /* Build configuration list for PBXNativeTarget "MobileTakeHomeTests" */ = {
			isa = XCConfigurationList;
			buildConfigurations = (
				69B5792B2C8827B4008A92C6 /* Debug */,
				69B5792C2C8827B4008A92C6 /* Release */,
			);
			defaultConfigurationIsVisible = 0;
			defaultConfigurationName = Release;
		};
		69B5792D2C8827B4008A92C6 /* Build configuration list for PBXNativeTarget "MobileTakeHomeUITests" */ = {
			isa = XCConfigurationList;
			buildConfigurations = (
				69B5792E2C8827B4008A92C6 /* Debug */,
				69B5792F2C8827B4008A92C6 /* Release */,
			);
			defaultConfigurationIsVisible = 0;
			defaultConfigurationName = Release;
		};
/* End XCConfigurationList section */

/* Begin XCRemoteSwiftPackageReference section */
		69B579302C8839D8008A92C6 /* XCRemoteSwiftPackageReference "swift-composable-architecture" */ = {
			isa = XCRemoteSwiftPackageReference;
			repositoryURL = "https://github.com/pointfreeco/swift-composable-architecture";
			requirement = {
				kind = upToNextMajorVersion;
				minimumVersion = 1.14.0;
			};
		};
/* End XCRemoteSwiftPackageReference section */

/* Begin XCSwiftPackageProductDependency section */
		69B579312C8839D8008A92C6 /* ComposableArchitecture */ = {
			isa = XCSwiftPackageProductDependency;
			package = 69B579302C8839D8008A92C6 /* XCRemoteSwiftPackageReference "swift-composable-architecture" */;
			productName = ComposableArchitecture;
		};
/* End XCSwiftPackageProductDependency section */
	};
	rootObject = 69B578FB2C8827B2008A92C6 /* Project object */;
}
